
Microsoft Visual Studio Solution File, Format Version 12.00
# Visual Studio Version 17
VisualStudioVersion = 17.11.35208.52
MinimumVisualStudioVersion = 10.0.40219.1
Project("{FAE04EC0-301F-11D3-BF4B-00C04F79EFBC}") = "A7_FakultetskaEvidencija_Blok_13052025", "A7_FakultetskaEvidencija_Blok_13052025.csproj", "{14B2F726-4EF4-4952-8205-39D9FC417E3E}"
EndProject
Global
	GlobalSection(SolutionConfigurationPlatforms) = preSolution
		Debug|Any CPU = Debug|Any CPU
		Release|Any CPU = Release|Any CPU
	EndGlobalSection
	GlobalSection(ProjectConfigurationPlatforms) = postSolution
		{14B2F726-4EF4-4952-8205-39D9FC417E3E}.Debug|Any CPU.ActiveCfg = Debug|Any CPU
		{14B2F726-4EF4-4952-8205-39D9FC417E3E}.Debug|Any CPU.Build.0 = Debug|Any CPU
		{14B2F726-4EF4-4952-8205-39D9FC417E3E}.Release|Any CPU.ActiveCfg = Release|Any CPU
		{14B2F726-4EF4-4952-8205-39D9FC417E3E}.Release|Any CPU.Build.0 = Release|Any CPU
	EndGlobalSection
	GlobalSection(SolutionProperties) = preSolution
		HideSolutionNode = FALSE
	EndGlobalSection
	GlobalSection(ExtensibilityGlobals) = postSolution
		SolutionGuid = {948AE648-1AEC-4682-80C4-AD34213ECC61}
	EndGlobalSection
EndGlobal
