
Microsoft Visual Studio Solution File, Format Version 12.00
# Visual Studio Version 17
VisualStudioVersion = 17.7.34221.43
MinimumVisualStudioVersion = 10.0.40219.1
Project("{FAE04EC0-301F-11D3-BF4B-00C04F79EFBC}") = "4ЕИТ–А5", "4ЕИТ–А5\4ЕИТ–А5.csproj", "{720CDDBC-A08C-4D76-BCA1-5CA7D00FC08C}"
EndProject
Global
	GlobalSection(SolutionConfigurationPlatforms) = preSolution
		Debug|Any CPU = Debug|Any CPU
		Release|Any CPU = Release|Any CPU
	EndGlobalSection
	GlobalSection(ProjectConfigurationPlatforms) = postSolution
		{720CDDBC-A08C-4D76-BCA1-5CA7D00FC08C}.Debug|Any CPU.ActiveCfg = Debug|Any CPU
		{720CDDBC-A08C-4D76-BCA1-5CA7D00FC08C}.Debug|Any CPU.Build.0 = Debug|Any CPU
		{720CDDBC-A08C-4D76-BCA1-5CA7D00FC08C}.Release|Any CPU.ActiveCfg = Release|Any CPU
		{720CDDBC-A08C-4D76-BCA1-5CA7D00FC08C}.Release|Any CPU.Build.0 = Release|Any CPU
	EndGlobalSection
	GlobalSection(SolutionProperties) = preSolution
		HideSolutionNode = FALSE
	EndGlobalSection
	GlobalSection(ExtensibilityGlobals) = postSolution
		SolutionGuid = {8DFF0356-77C9-4DA3-A0B7-E9D841F45A95}
	EndGlobalSection
EndGlobal
