
Microsoft Visual Studio Solution File, Format Version 12.00
# Visual Studio Version 17
VisualStudioVersion = 17.11.35208.52
MinimumVisualStudioVersion = 10.0.40219.1
Project("{FAE04EC0-301F-11D3-BF4B-00C04F79EFBC}") = "A11EvidencijaKnjiga_Priprema", "A11EvidencijaKnjiga_Priprema.csproj", "{0840707B-9CE0-4278-B1AA-97E4097E8C1B}"
EndProject
Global
	GlobalSection(SolutionConfigurationPlatforms) = preSolution
		Debug|Any CPU = Debug|Any CPU
		Release|Any CPU = Release|Any CPU
	EndGlobalSection
	GlobalSection(ProjectConfigurationPlatforms) = postSolution
		{0840707B-9CE0-4278-B1AA-97E4097E8C1B}.Debug|Any CPU.ActiveCfg = Debug|Any CPU
		{0840707B-9CE0-4278-B1AA-97E4097E8C1B}.Debug|Any CPU.Build.0 = Debug|Any CPU
		{0840707B-9CE0-4278-B1AA-97E4097E8C1B}.Release|Any CPU.ActiveCfg = Release|Any CPU
		{0840707B-9CE0-4278-B1AA-97E4097E8C1B}.Release|Any CPU.Build.0 = Release|Any CPU
	EndGlobalSection
	GlobalSection(SolutionProperties) = preSolution
		HideSolutionNode = FALSE
	EndGlobalSection
	GlobalSection(ExtensibilityGlobals) = postSolution
		SolutionGuid = {24F6D205-F013-408A-8096-A09EEB8C4729}
	EndGlobalSection
EndGlobal
