
Microsoft Visual Studio Solution File, Format Version 12.00
# Visual Studio Version 17
VisualStudioVersion = 17.11.35208.52
MinimumVisualStudioVersion = 10.0.40219.1
Project("{FAE04EC0-301F-11D3-BF4B-00C04F79EFBC}") = "A10_RibolovackoDrustvo_Priprema", "A10_RibolovackoDrustvo_Priprema.csproj", "{FFB3A5A4-1C27-446A-9A07-881DCC47EC4B}"
EndProject
Global
	GlobalSection(SolutionConfigurationPlatforms) = preSolution
		Debug|Any CPU = Debug|Any CPU
		Release|Any CPU = Release|Any CPU
	EndGlobalSection
	GlobalSection(ProjectConfigurationPlatforms) = postSolution
		{FFB3A5A4-1C27-446A-9A07-881DCC47EC4B}.Debug|Any CPU.ActiveCfg = Debug|Any CPU
		{FFB3A5A4-1C27-446A-9A07-881DCC47EC4B}.Debug|Any CPU.Build.0 = Debug|Any CPU
		{FFB3A5A4-1C27-446A-9A07-881DCC47EC4B}.Release|Any CPU.ActiveCfg = Release|Any CPU
		{FFB3A5A4-1C27-446A-9A07-881DCC47EC4B}.Release|Any CPU.Build.0 = Release|Any CPU
	EndGlobalSection
	GlobalSection(SolutionProperties) = preSolution
		HideSolutionNode = FALSE
	EndGlobalSection
	GlobalSection(ExtensibilityGlobals) = postSolution
		SolutionGuid = {59190E27-30F1-4992-AB5D-4425DA2B3AF0}
	EndGlobalSection
EndGlobal
