
Microsoft Visual Studio Solution File, Format Version 12.00
# Visual Studio Version 17
VisualStudioVersion = 17.7.34221.43
MinimumVisualStudioVersion = 10.0.40219.1
Project("{FAE04EC0-301F-11D3-BF4B-00C04F79EFBC}") = "4ЕИТ–А2", "4ЕИТ–А2\4ЕИТ–А2.csproj", "{A7AB587D-D322-4A14-9FCF-B7688BD0C1FC}"
EndProject
Global
	GlobalSection(SolutionConfigurationPlatforms) = preSolution
		Debug|Any CPU = Debug|Any CPU
		Release|Any CPU = Release|Any CPU
	EndGlobalSection
	GlobalSection(ProjectConfigurationPlatforms) = postSolution
		{A7AB587D-D322-4A14-9FCF-B7688BD0C1FC}.Debug|Any CPU.ActiveCfg = Debug|Any CPU
		{A7AB587D-D322-4A14-9FCF-B7688BD0C1FC}.Debug|Any CPU.Build.0 = Debug|Any CPU
		{A7AB587D-D322-4A14-9FCF-B7688BD0C1FC}.Release|Any CPU.ActiveCfg = Release|Any CPU
		{A7AB587D-D322-4A14-9FCF-B7688BD0C1FC}.Release|Any CPU.Build.0 = Release|Any CPU
	EndGlobalSection
	GlobalSection(SolutionProperties) = preSolution
		HideSolutionNode = FALSE
	EndGlobalSection
	GlobalSection(ExtensibilityGlobals) = postSolution
		SolutionGuid = {A64A7BE6-0938-4FB4-ABC7-57993731F688}
	EndGlobalSection
EndGlobal
